
Microsoft Visual Studio Solution File, Format Version 12.00
# Visual Studio Version 17
VisualStudioVersion = 17.2.32616.157
MinimumVisualStudioVersion = 10.0.40219.1
Project("{FAE04EC0-301F-11D3-BF4B-00C04F79EFBC}") = "DetectAll", "DetectAll\DetectAll.csproj", "{616AC65C-0A00-4A09-A24A-BFB7086226C2}"
EndProject
Global
	GlobalSection(SolutionConfigurationPlatforms) = preSolution
		Debug|Any CPU = Debug|Any CPU
		Release|Any CPU = Release|Any CPU
	EndGlobalSection
	GlobalSection(ProjectConfigurationPlatforms) = postSolution
		{616AC65C-0A00-4A09-A24A-BFB7086226C2}.Debug|Any CPU.ActiveCfg = Debug|Any CPU
		{616AC65C-0A00-4A09-A24A-BFB7086226C2}.Debug|Any CPU.Build.0 = Debug|Any CPU
		{616AC65C-0A00-4A09-A24A-BFB7086226C2}.Release|Any CPU.ActiveCfg = Release|Any CPU
		{616AC65C-0A00-4A09-A24A-BFB7086226C2}.Release|Any CPU.Build.0 = Release|Any CPU
	EndGlobalSection
	GlobalSection(SolutionProperties) = preSolution
		HideSolutionNode = FALSE
	EndGlobalSection
	GlobalSection(ExtensibilityGlobals) = postSolution
		SolutionGuid = {99BB9151-A146-4909-8E18-6C96EF62BC44}
	EndGlobalSection
EndGlobal
